
Microsoft Visual Studio Solution File, Format Version 12.00
# 
Project("{FAE04EC0-301F-11D3-BF4B-00C04F79EFBC}") = "ToDos", "ToDos\ToDos.csproj", "{4CF50720-28C7-4A27-974D-72D8664D6EDE}"
EndProject
Project("{2150E333-8FDC-42A3-9474-1A3956D46DE8}") = "Solution Items", "Solution Items", "{444E755D-7CC3-4973-B2BA-F8089440063C}"
	ProjectSection(SolutionItems) = preProject
		compose.yaml = compose.yaml
	EndProjectSection
EndProject
Project("{FAE04EC0-301F-11D3-BF4B-00C04F79EFBC}") = "ToDos.Tests", "ToDos.Tests\ToDos.Tests.csproj", "{DD16BDEB-BF8A-40CE-A815-460606A30265}"
EndProject
Global
	GlobalSection(SolutionConfigurationPlatforms) = preSolution
		Debug|Any CPU = Debug|Any CPU
		Release|Any CPU = Release|Any CPU
	EndGlobalSection
	GlobalSection(ProjectConfigurationPlatforms) = postSolution
		{4CF50720-28C7-4A27-974D-72D8664D6EDE}.Debug|Any CPU.ActiveCfg = Debug|Any CPU
		{4CF50720-28C7-4A27-974D-72D8664D6EDE}.Debug|Any CPU.Build.0 = Debug|Any CPU
		{4CF50720-28C7-4A27-974D-72D8664D6EDE}.Release|Any CPU.ActiveCfg = Release|Any CPU
		{4CF50720-28C7-4A27-974D-72D8664D6EDE}.Release|Any CPU.Build.0 = Release|Any CPU
		{DD16BDEB-BF8A-40CE-A815-460606A30265}.Debug|Any CPU.ActiveCfg = Debug|Any CPU
		{DD16BDEB-BF8A-40CE-A815-460606A30265}.Debug|Any CPU.Build.0 = Debug|Any CPU
		{DD16BDEB-BF8A-40CE-A815-460606A30265}.Release|Any CPU.ActiveCfg = Release|Any CPU
		{DD16BDEB-BF8A-40CE-A815-460606A30265}.Release|Any CPU.Build.0 = Release|Any CPU
	EndGlobalSection
EndGlobal
